
Microsoft Visual Studio Solution File, Format Version 12.00
# Visual Studio Version 17
VisualStudioVersion = 17.1.32210.238
MinimumVisualStudioVersion = 10.0.40219.1
Project("{FAE04EC0-301F-11D3-BF4B-00C04F79EFBC}") = "LizardLauncher", "LizardLauncher\LizardLauncher.csproj", "{61DD4DC1-E7D8-4C4E-8C4F-C0D2E8BB6A4E}"
EndProject
Global
	GlobalSection(SolutionConfigurationPlatforms) = preSolution
		Debug|Any CPU = Debug|Any CPU
		Release|Any CPU = Release|Any CPU
	EndGlobalSection
	GlobalSection(ProjectConfigurationPlatforms) = postSolution
		{61DD4DC1-E7D8-4C4E-8C4F-C0D2E8BB6A4E}.Debug|Any CPU.ActiveCfg = Debug|Any CPU
		{61DD4DC1-E7D8-4C4E-8C4F-C0D2E8BB6A4E}.Debug|Any CPU.Build.0 = Debug|Any CPU
		{61DD4DC1-E7D8-4C4E-8C4F-C0D2E8BB6A4E}.Release|Any CPU.ActiveCfg = Release|Any CPU
		{61DD4DC1-E7D8-4C4E-8C4F-C0D2E8BB6A4E}.Release|Any CPU.Build.0 = Release|Any CPU
	EndGlobalSection
	GlobalSection(SolutionProperties) = preSolution
		HideSolutionNode = FALSE
	EndGlobalSection
	GlobalSection(ExtensibilityGlobals) = postSolution
		SolutionGuid = {589C004E-5ED2-4E46-A50C-EE2C0C43FA28}
	EndGlobalSection
EndGlobal
